
Microsoft Visual Studio Solution File, Format Version 12.00
# Visual Studio Version 16
VisualStudioVersion = 25.0.1704.0
MinimumVisualStudioVersion = 10.0.40219.1
Project("{FAE04EC0-301F-11D3-BF4B-00C04F79EFBC}") = "Main", "Main\Main.csproj", "{0FB0029C-44A5-47BC-8101-FC3A9C07792C}"
EndProject
Project("{FAE04EC0-301F-11D3-BF4B-00C04F79EFBC}") = "FSWatcher", "FSWatcher\FSWatcher.csproj", "{70856BF8-EF84-45B6-8DF4-FA0C6DB98C16}"
EndProject
Project("{FAE04EC0-301F-11D3-BF4B-00C04F79EFBC}") = "ExtensionMethods", "ExtensionMethods\ExtensionMethods.csproj", "{DCAD29DF-19E2-4978-9D65-877A19A80412}"
EndProject
Project("{FAE04EC0-301F-11D3-BF4B-00C04F79EFBC}") = "AppCfgExample", "AppCfgExample\AppCfgExample.csproj", "{E9E13AE3-4161-4E48-BBE8-003A90F08590}"
EndProject
Global
	GlobalSection(SolutionConfigurationPlatforms) = preSolution
		Debug|Any CPU = Debug|Any CPU
		Release|Any CPU = Release|Any CPU
	EndGlobalSection
	GlobalSection(ProjectConfigurationPlatforms) = postSolution
		{0FB0029C-44A5-47BC-8101-FC3A9C07792C}.Debug|Any CPU.ActiveCfg = Debug|Any CPU
		{0FB0029C-44A5-47BC-8101-FC3A9C07792C}.Debug|Any CPU.Build.0 = Debug|Any CPU
		{0FB0029C-44A5-47BC-8101-FC3A9C07792C}.Release|Any CPU.ActiveCfg = Release|Any CPU
		{0FB0029C-44A5-47BC-8101-FC3A9C07792C}.Release|Any CPU.Build.0 = Release|Any CPU
		{70856BF8-EF84-45B6-8DF4-FA0C6DB98C16}.Debug|Any CPU.ActiveCfg = Debug|Any CPU
		{70856BF8-EF84-45B6-8DF4-FA0C6DB98C16}.Debug|Any CPU.Build.0 = Debug|Any CPU
		{70856BF8-EF84-45B6-8DF4-FA0C6DB98C16}.Release|Any CPU.ActiveCfg = Release|Any CPU
		{70856BF8-EF84-45B6-8DF4-FA0C6DB98C16}.Release|Any CPU.Build.0 = Release|Any CPU
		{DCAD29DF-19E2-4978-9D65-877A19A80412}.Debug|Any CPU.ActiveCfg = Debug|Any CPU
		{DCAD29DF-19E2-4978-9D65-877A19A80412}.Debug|Any CPU.Build.0 = Debug|Any CPU
		{DCAD29DF-19E2-4978-9D65-877A19A80412}.Release|Any CPU.ActiveCfg = Release|Any CPU
		{DCAD29DF-19E2-4978-9D65-877A19A80412}.Release|Any CPU.Build.0 = Release|Any CPU
		{E9E13AE3-4161-4E48-BBE8-003A90F08590}.Debug|Any CPU.ActiveCfg = Debug|Any CPU
		{E9E13AE3-4161-4E48-BBE8-003A90F08590}.Debug|Any CPU.Build.0 = Debug|Any CPU
		{E9E13AE3-4161-4E48-BBE8-003A90F08590}.Release|Any CPU.ActiveCfg = Release|Any CPU
		{E9E13AE3-4161-4E48-BBE8-003A90F08590}.Release|Any CPU.Build.0 = Release|Any CPU
	EndGlobalSection
	GlobalSection(SolutionProperties) = preSolution
		HideSolutionNode = FALSE
	EndGlobalSection
	GlobalSection(ExtensibilityGlobals) = postSolution
		SolutionGuid = {D2FCC88E-FCC5-4777-80E0-B603824E5F42}
	EndGlobalSection
EndGlobal
