
Microsoft Visual Studio Solution File, Format Version 12.00
# Visual Studio Version 16
VisualStudioVersion = 25.0.1704.0
MinimumVisualStudioVersion = 10.0.40219.1
Project("{FAE04EC0-301F-11D3-BF4B-00C04F79EFBC}") = "Main", "Main\Main.csproj", "{0FB0029C-44A5-47BC-8101-FC3A9C07792C}"
EndProject
Project("{FAE04EC0-301F-11D3-BF4B-00C04F79EFBC}") = "FSWatcher", "FSWatcher\FSWatcher.csproj", "{70856BF8-EF84-45B6-8DF4-FA0C6DB98C16}"
EndProject
Project("{FAE04EC0-301F-11D3-BF4B-00C04F79EFBC}") = "ExtensionMethods", "ExtensionMethods\ExtensionMethods.csproj", "{DCAD29DF-19E2-4978-9D65-877A19A80412}"
EndProject
Project("{FAE04EC0-301F-11D3-BF4B-00C04F79EFBC}") = "AppCfgExample", "AppCfgExample\AppCfgExample.csproj", "{E9E13AE3-4161-4E48-BBE8-003A90F08590}"
EndProject
Project("{FAE04EC0-301F-11D3-BF4B-00C04F79EFBC}") = "LinqExamples", "LinqExamples\LinqExamples.csproj", "{5EE93FE4-EB20-44BD-84D8-2E47ED49C0B9}"
EndProject
Project("{FAE04EC0-301F-11D3-BF4B-00C04F79EFBC}") = "ExmapleCommons", "ExmapleCommons\ExmapleCommons.csproj", "{C5BBDE30-16EF-4952-B587-B8CA55782742}"
EndProject
Project("{FAE04EC0-301F-11D3-BF4B-00C04F79EFBC}") = "EventDrivenProgramming", "EventDrivenProgramming\EventDrivenProgramming.csproj", "{E96E34CE-7BA2-4E84-B343-0B877351D579}"
EndProject
Project("{FAE04EC0-301F-11D3-BF4B-00C04F79EFBC}") = "LocksExample", "LocksExample\LocksExample.csproj", "{7D6A48EF-FC52-4133-AAD8-DD0AFFA73902}"
EndProject
Project("{FAE04EC0-301F-11D3-BF4B-00C04F79EFBC}") = "MoreSerialization", "MoreSerialization\MoreSerialization.csproj", "{E1629767-04AA-4CA7-B6C5-BFB2038E3FA5}"
EndProject
Project("{FAE04EC0-301F-11D3-BF4B-00C04F79EFBC}") = "ThreadingAndTasks", "ThreadingAndTasks\ThreadingAndTasks.csproj", "{21347330-4F41-4EF0-B34C-B08FE7CA8248}"
EndProject
Project("{FAE04EC0-301F-11D3-BF4B-00C04F79EFBC}") = "PureXmlExample", "PureXmlExample\PureXmlExample.csproj", "{BABC7217-2D9F-41D4-83BE-654D4669BDDC}"
EndProject
Project("{FAE04EC0-301F-11D3-BF4B-00C04F79EFBC}") = "JsonExample", "JsonExample\JsonExample.csproj", "{4A60752D-A8D3-4C0E-A185-E1DCDB941FF7}"
EndProject
Global
	GlobalSection(SolutionConfigurationPlatforms) = preSolution
		Debug|Any CPU = Debug|Any CPU
		Release|Any CPU = Release|Any CPU
	EndGlobalSection
	GlobalSection(ProjectConfigurationPlatforms) = postSolution
		{0FB0029C-44A5-47BC-8101-FC3A9C07792C}.Debug|Any CPU.ActiveCfg = Debug|Any CPU
		{0FB0029C-44A5-47BC-8101-FC3A9C07792C}.Debug|Any CPU.Build.0 = Debug|Any CPU
		{0FB0029C-44A5-47BC-8101-FC3A9C07792C}.Release|Any CPU.ActiveCfg = Release|Any CPU
		{0FB0029C-44A5-47BC-8101-FC3A9C07792C}.Release|Any CPU.Build.0 = Release|Any CPU
		{70856BF8-EF84-45B6-8DF4-FA0C6DB98C16}.Debug|Any CPU.ActiveCfg = Debug|Any CPU
		{70856BF8-EF84-45B6-8DF4-FA0C6DB98C16}.Debug|Any CPU.Build.0 = Debug|Any CPU
		{70856BF8-EF84-45B6-8DF4-FA0C6DB98C16}.Release|Any CPU.ActiveCfg = Release|Any CPU
		{70856BF8-EF84-45B6-8DF4-FA0C6DB98C16}.Release|Any CPU.Build.0 = Release|Any CPU
		{DCAD29DF-19E2-4978-9D65-877A19A80412}.Debug|Any CPU.ActiveCfg = Debug|Any CPU
		{DCAD29DF-19E2-4978-9D65-877A19A80412}.Debug|Any CPU.Build.0 = Debug|Any CPU
		{DCAD29DF-19E2-4978-9D65-877A19A80412}.Release|Any CPU.ActiveCfg = Release|Any CPU
		{DCAD29DF-19E2-4978-9D65-877A19A80412}.Release|Any CPU.Build.0 = Release|Any CPU
		{E9E13AE3-4161-4E48-BBE8-003A90F08590}.Debug|Any CPU.ActiveCfg = Debug|Any CPU
		{E9E13AE3-4161-4E48-BBE8-003A90F08590}.Debug|Any CPU.Build.0 = Debug|Any CPU
		{E9E13AE3-4161-4E48-BBE8-003A90F08590}.Release|Any CPU.ActiveCfg = Release|Any CPU
		{E9E13AE3-4161-4E48-BBE8-003A90F08590}.Release|Any CPU.Build.0 = Release|Any CPU
		{5EE93FE4-EB20-44BD-84D8-2E47ED49C0B9}.Debug|Any CPU.ActiveCfg = Debug|Any CPU
		{5EE93FE4-EB20-44BD-84D8-2E47ED49C0B9}.Debug|Any CPU.Build.0 = Debug|Any CPU
		{5EE93FE4-EB20-44BD-84D8-2E47ED49C0B9}.Release|Any CPU.ActiveCfg = Release|Any CPU
		{5EE93FE4-EB20-44BD-84D8-2E47ED49C0B9}.Release|Any CPU.Build.0 = Release|Any CPU
		{C5BBDE30-16EF-4952-B587-B8CA55782742}.Debug|Any CPU.ActiveCfg = Debug|Any CPU
		{C5BBDE30-16EF-4952-B587-B8CA55782742}.Debug|Any CPU.Build.0 = Debug|Any CPU
		{C5BBDE30-16EF-4952-B587-B8CA55782742}.Release|Any CPU.ActiveCfg = Release|Any CPU
		{C5BBDE30-16EF-4952-B587-B8CA55782742}.Release|Any CPU.Build.0 = Release|Any CPU
		{E96E34CE-7BA2-4E84-B343-0B877351D579}.Debug|Any CPU.ActiveCfg = Debug|Any CPU
		{E96E34CE-7BA2-4E84-B343-0B877351D579}.Debug|Any CPU.Build.0 = Debug|Any CPU
		{E96E34CE-7BA2-4E84-B343-0B877351D579}.Release|Any CPU.ActiveCfg = Release|Any CPU
		{E96E34CE-7BA2-4E84-B343-0B877351D579}.Release|Any CPU.Build.0 = Release|Any CPU
		{7D6A48EF-FC52-4133-AAD8-DD0AFFA73902}.Debug|Any CPU.ActiveCfg = Debug|Any CPU
		{7D6A48EF-FC52-4133-AAD8-DD0AFFA73902}.Debug|Any CPU.Build.0 = Debug|Any CPU
		{7D6A48EF-FC52-4133-AAD8-DD0AFFA73902}.Release|Any CPU.ActiveCfg = Release|Any CPU
		{7D6A48EF-FC52-4133-AAD8-DD0AFFA73902}.Release|Any CPU.Build.0 = Release|Any CPU
		{E1629767-04AA-4CA7-B6C5-BFB2038E3FA5}.Debug|Any CPU.ActiveCfg = Debug|Any CPU
		{E1629767-04AA-4CA7-B6C5-BFB2038E3FA5}.Debug|Any CPU.Build.0 = Debug|Any CPU
		{E1629767-04AA-4CA7-B6C5-BFB2038E3FA5}.Release|Any CPU.ActiveCfg = Release|Any CPU
		{E1629767-04AA-4CA7-B6C5-BFB2038E3FA5}.Release|Any CPU.Build.0 = Release|Any CPU
		{21347330-4F41-4EF0-B34C-B08FE7CA8248}.Debug|Any CPU.ActiveCfg = Debug|Any CPU
		{21347330-4F41-4EF0-B34C-B08FE7CA8248}.Debug|Any CPU.Build.0 = Debug|Any CPU
		{21347330-4F41-4EF0-B34C-B08FE7CA8248}.Release|Any CPU.ActiveCfg = Release|Any CPU
		{21347330-4F41-4EF0-B34C-B08FE7CA8248}.Release|Any CPU.Build.0 = Release|Any CPU
		{BABC7217-2D9F-41D4-83BE-654D4669BDDC}.Debug|Any CPU.ActiveCfg = Debug|Any CPU
		{BABC7217-2D9F-41D4-83BE-654D4669BDDC}.Debug|Any CPU.Build.0 = Debug|Any CPU
		{BABC7217-2D9F-41D4-83BE-654D4669BDDC}.Release|Any CPU.ActiveCfg = Release|Any CPU
		{BABC7217-2D9F-41D4-83BE-654D4669BDDC}.Release|Any CPU.Build.0 = Release|Any CPU
		{4A60752D-A8D3-4C0E-A185-E1DCDB941FF7}.Debug|Any CPU.ActiveCfg = Debug|Any CPU
		{4A60752D-A8D3-4C0E-A185-E1DCDB941FF7}.Debug|Any CPU.Build.0 = Debug|Any CPU
		{4A60752D-A8D3-4C0E-A185-E1DCDB941FF7}.Release|Any CPU.ActiveCfg = Release|Any CPU
		{4A60752D-A8D3-4C0E-A185-E1DCDB941FF7}.Release|Any CPU.Build.0 = Release|Any CPU
	EndGlobalSection
	GlobalSection(SolutionProperties) = preSolution
		HideSolutionNode = FALSE
	EndGlobalSection
	GlobalSection(ExtensibilityGlobals) = postSolution
		SolutionGuid = {D2FCC88E-FCC5-4777-80E0-B603824E5F42}
	EndGlobalSection
EndGlobal
